
Microsoft Visual Studio Solution File, Format Version 12.00
# Visual Studio 2013
VisualStudioVersion = 12.0.30723.0
MinimumVisualStudioVersion = 10.0.40219.1
Project("{FAE04EC0-301F-11D3-BF4B-00C04F79EFBC}") = "ConnectNAPI.Extraction", "ConnectNAPI.Extraction\ConnectNAPI.Extraction.csproj", "{8B63F72B-4D43-4EFE-9E6C-9454E5BA28B1}"
EndProject
Project("{FAE04EC0-301F-11D3-BF4B-00C04F79EFBC}") = "ConnectNAPI.Core", "ConnectNAPI.Core\ConnectNAPI.Core.csproj", "{81B7CB8F-3E3E-46D3-B183-5401AAA1FE33}"
EndProject
Project("{FAE04EC0-301F-11D3-BF4B-00C04F79EFBC}") = "ConnectNAPI.DataModel", "ConnectNAPI.Model\ConnectNAPI.DataModel.csproj", "{30B53A8C-A346-42CA-AFCF-83FE81264AA6}"
EndProject
Project("{FAE04EC0-301F-11D3-BF4B-00C04F79EFBC}") = "ConnectNAPI.Utility", "ConnectNAPI.Utility\ConnectNAPI.Utility.csproj", "{AC09F688-EF78-407D-9825-137D06119920}"
EndProject
Project("{FAE04EC0-301F-11D3-BF4B-00C04F79EFBC}") = "ConnectN.API", "ConnectN.API\ConnectN.API.csproj", "{405BA851-DCFB-4A28-9F75-8FDB9A73CFA7}"
EndProject
Global
	GlobalSection(SolutionConfigurationPlatforms) = preSolution
		Debug|Any CPU = Debug|Any CPU
		Release|Any CPU = Release|Any CPU
	EndGlobalSection
	GlobalSection(ProjectConfigurationPlatforms) = postSolution
		{8B63F72B-4D43-4EFE-9E6C-9454E5BA28B1}.Debug|Any CPU.ActiveCfg = Debug|Any CPU
		{8B63F72B-4D43-4EFE-9E6C-9454E5BA28B1}.Debug|Any CPU.Build.0 = Debug|Any CPU
		{8B63F72B-4D43-4EFE-9E6C-9454E5BA28B1}.Release|Any CPU.ActiveCfg = Release|Any CPU
		{8B63F72B-4D43-4EFE-9E6C-9454E5BA28B1}.Release|Any CPU.Build.0 = Release|Any CPU
		{81B7CB8F-3E3E-46D3-B183-5401AAA1FE33}.Debug|Any CPU.ActiveCfg = Debug|Any CPU
		{81B7CB8F-3E3E-46D3-B183-5401AAA1FE33}.Debug|Any CPU.Build.0 = Debug|Any CPU
		{81B7CB8F-3E3E-46D3-B183-5401AAA1FE33}.Release|Any CPU.ActiveCfg = Release|Any CPU
		{81B7CB8F-3E3E-46D3-B183-5401AAA1FE33}.Release|Any CPU.Build.0 = Release|Any CPU
		{30B53A8C-A346-42CA-AFCF-83FE81264AA6}.Debug|Any CPU.ActiveCfg = Debug|Any CPU
		{30B53A8C-A346-42CA-AFCF-83FE81264AA6}.Debug|Any CPU.Build.0 = Debug|Any CPU
		{30B53A8C-A346-42CA-AFCF-83FE81264AA6}.Release|Any CPU.ActiveCfg = Release|Any CPU
		{30B53A8C-A346-42CA-AFCF-83FE81264AA6}.Release|Any CPU.Build.0 = Release|Any CPU
		{AC09F688-EF78-407D-9825-137D06119920}.Debug|Any CPU.ActiveCfg = Debug|Any CPU
		{AC09F688-EF78-407D-9825-137D06119920}.Debug|Any CPU.Build.0 = Debug|Any CPU
		{AC09F688-EF78-407D-9825-137D06119920}.Release|Any CPU.ActiveCfg = Release|Any CPU
		{AC09F688-EF78-407D-9825-137D06119920}.Release|Any CPU.Build.0 = Release|Any CPU
		{405BA851-DCFB-4A28-9F75-8FDB9A73CFA7}.Debug|Any CPU.ActiveCfg = Debug|Any CPU
		{405BA851-DCFB-4A28-9F75-8FDB9A73CFA7}.Debug|Any CPU.Build.0 = Debug|Any CPU
		{405BA851-DCFB-4A28-9F75-8FDB9A73CFA7}.Release|Any CPU.ActiveCfg = Release|Any CPU
		{405BA851-DCFB-4A28-9F75-8FDB9A73CFA7}.Release|Any CPU.Build.0 = Release|Any CPU
	EndGlobalSection
	GlobalSection(SolutionProperties) = preSolution
		HideSolutionNode = FALSE
	EndGlobalSection
EndGlobal
